
Microsoft Visual Studio Solution File, Format Version 12.00
# Visual Studio Version 17
VisualStudioVersion = 17.1.32414.318
MinimumVisualStudioVersion = 10.0.40219.1
Project("{FAE04EC0-301F-11D3-BF4B-00C04F79EFBC}") = "SupplyIO", "SupplyIO\SupplyIO.csproj", "{629D7CD3-1D4E-4107-93B3-59345D3AA3BC}"
EndProject
Global
	GlobalSection(SolutionConfigurationPlatforms) = preSolution
		Debug|Any CPU = Debug|Any CPU
		Release|Any CPU = Release|Any CPU
	EndGlobalSection
	GlobalSection(ProjectConfigurationPlatforms) = postSolution
		{629D7CD3-1D4E-4107-93B3-59345D3AA3BC}.Debug|Any CPU.ActiveCfg = Debug|Any CPU
		{629D7CD3-1D4E-4107-93B3-59345D3AA3BC}.Debug|Any CPU.Build.0 = Debug|Any CPU
		{629D7CD3-1D4E-4107-93B3-59345D3AA3BC}.Release|Any CPU.ActiveCfg = Release|Any CPU
		{629D7CD3-1D4E-4107-93B3-59345D3AA3BC}.Release|Any CPU.Build.0 = Release|Any CPU
	EndGlobalSection
	GlobalSection(SolutionProperties) = preSolution
		HideSolutionNode = FALSE
	EndGlobalSection
	GlobalSection(ExtensibilityGlobals) = postSolution
		SolutionGuid = {510C247E-5839-45BE-8852-9F4C8ABE2837}
	EndGlobalSection
EndGlobal
